
Microsoft Visual Studio Solution File, Format Version 12.00
# Visual Studio Version 16
VisualStudioVersion = 16.0.30204.135
MinimumVisualStudioVersion = 10.0.40219.1
Project("{FAE04EC0-301F-11D3-BF4B-00C04F79EFBC}") = "CommitterService", "CommitterService\CommitterService.csproj", "{05C70127-8E2C-435E-8548-1FC964771D56}"
EndProject
Global
	GlobalSection(SolutionConfigurationPlatforms) = preSolution
		Debug|Any CPU = Debug|Any CPU
		Release|Any CPU = Release|Any CPU
	EndGlobalSection
	GlobalSection(ProjectConfigurationPlatforms) = postSolution
		{05C70127-8E2C-435E-8548-1FC964771D56}.Debug|Any CPU.ActiveCfg = Debug|Any CPU
		{05C70127-8E2C-435E-8548-1FC964771D56}.Debug|Any CPU.Build.0 = Debug|Any CPU
		{05C70127-8E2C-435E-8548-1FC964771D56}.Release|Any CPU.ActiveCfg = Release|Any CPU
		{05C70127-8E2C-435E-8548-1FC964771D56}.Release|Any CPU.Build.0 = Release|Any CPU
	EndGlobalSection
	GlobalSection(SolutionProperties) = preSolution
		HideSolutionNode = FALSE
	EndGlobalSection
	GlobalSection(ExtensibilityGlobals) = postSolution
		SolutionGuid = {85E3F784-1B5E-4189-81B3-B5A359782C84}
	EndGlobalSection
EndGlobal
